
Microsoft Visual Studio Solution File, Format Version 12.00
# Visual Studio 14
VisualStudioVersion = 14.0.25420.1
MinimumVisualStudioVersion = 10.0.40219.1
Project("{FAE04EC0-301F-11D3-BF4B-00C04F79EFBC}") = "eHospitalPayment", "eHospitalPayment\eHospitalPayment.csproj", "{F455CCEC-71FB-4373-9B50-B523E61B53C2}"
EndProject
Project("{FAE04EC0-301F-11D3-BF4B-00C04F79EFBC}") = "PaymentDTO", "PaymentDTO\PaymentDTO.csproj", "{261C9AF7-F7DB-401A-93EF-3C0965BC1DAA}"
EndProject
Global
	GlobalSection(SolutionConfigurationPlatforms) = preSolution
		Debug|Any CPU = Debug|Any CPU
		Release|Any CPU = Release|Any CPU
	EndGlobalSection
	GlobalSection(ProjectConfigurationPlatforms) = postSolution
		{F455CCEC-71FB-4373-9B50-B523E61B53C2}.Debug|Any CPU.ActiveCfg = Debug|Any CPU
		{F455CCEC-71FB-4373-9B50-B523E61B53C2}.Debug|Any CPU.Build.0 = Debug|Any CPU
		{F455CCEC-71FB-4373-9B50-B523E61B53C2}.Release|Any CPU.ActiveCfg = Release|Any CPU
		{F455CCEC-71FB-4373-9B50-B523E61B53C2}.Release|Any CPU.Build.0 = Release|Any CPU
		{261C9AF7-F7DB-401A-93EF-3C0965BC1DAA}.Debug|Any CPU.ActiveCfg = Debug|Any CPU
		{261C9AF7-F7DB-401A-93EF-3C0965BC1DAA}.Debug|Any CPU.Build.0 = Debug|Any CPU
		{261C9AF7-F7DB-401A-93EF-3C0965BC1DAA}.Release|Any CPU.ActiveCfg = Release|Any CPU
		{261C9AF7-F7DB-401A-93EF-3C0965BC1DAA}.Release|Any CPU.Build.0 = Release|Any CPU
	EndGlobalSection
	GlobalSection(SolutionProperties) = preSolution
		HideSolutionNode = FALSE
	EndGlobalSection
	GlobalSection(TeamFoundationVersionControl) = preSolution
		SccNumberOfProjects = 3
		SccEnterpriseProvider = {4CA58AB2-18FA-4F8D-95D4-32DDF27D184C}
		SccTeamFoundationServer = http://192.192.192.108:8080/tfs/defaultcollection
		SccLocalPath0 = .
		SccProjectUniqueName1 = eHospitalPayment\\eHospitalPayment.csproj
		SccProjectName1 = eHospitalPayment
		SccLocalPath1 = eHospitalPayment
		SccProjectUniqueName2 = PaymentDTO\\PaymentDTO.csproj
		SccProjectName2 = PaymentDTO
		SccLocalPath2 = PaymentDTO
	EndGlobalSection
EndGlobal
