
Microsoft Visual Studio Solution File, Format Version 12.00
# Visual Studio 14
VisualStudioVersion = 14.0.25420.1
MinimumVisualStudioVersion = 10.0.40219.1
Project("{FAE04EC0-301F-11D3-BF4B-00C04F79EFBC}") = "PaymentService", "PaymentService\PaymentService.csproj", "{209AABDB-D7C4-44E8-9A1A-900E3285DFD5}"
EndProject
Project("{FAE04EC0-301F-11D3-BF4B-00C04F79EFBC}") = "PaymentModel", "PaymentModel\PaymentModel.csproj", "{67AF83F2-AE94-44AF-8F4C-102655E0BD18}"
EndProject
Project("{FAE04EC0-301F-11D3-BF4B-00C04F79EFBC}") = "PaymentDao", "PaymentDao\PaymentDao.csproj", "{D9AF3F26-15C6-47B8-9A02-F394B68AE6D5}"
EndProject
Global
	GlobalSection(SolutionConfigurationPlatforms) = preSolution
		Debug|Any CPU = Debug|Any CPU
		Release|Any CPU = Release|Any CPU
	EndGlobalSection
	GlobalSection(ProjectConfigurationPlatforms) = postSolution
		{209AABDB-D7C4-44E8-9A1A-900E3285DFD5}.Debug|Any CPU.ActiveCfg = Debug|Any CPU
		{209AABDB-D7C4-44E8-9A1A-900E3285DFD5}.Debug|Any CPU.Build.0 = Debug|Any CPU
		{209AABDB-D7C4-44E8-9A1A-900E3285DFD5}.Release|Any CPU.ActiveCfg = Release|Any CPU
		{209AABDB-D7C4-44E8-9A1A-900E3285DFD5}.Release|Any CPU.Build.0 = Release|Any CPU
		{67AF83F2-AE94-44AF-8F4C-102655E0BD18}.Debug|Any CPU.ActiveCfg = Debug|Any CPU
		{67AF83F2-AE94-44AF-8F4C-102655E0BD18}.Debug|Any CPU.Build.0 = Debug|Any CPU
		{67AF83F2-AE94-44AF-8F4C-102655E0BD18}.Release|Any CPU.ActiveCfg = Release|Any CPU
		{67AF83F2-AE94-44AF-8F4C-102655E0BD18}.Release|Any CPU.Build.0 = Release|Any CPU
		{D9AF3F26-15C6-47B8-9A02-F394B68AE6D5}.Debug|Any CPU.ActiveCfg = Debug|Any CPU
		{D9AF3F26-15C6-47B8-9A02-F394B68AE6D5}.Debug|Any CPU.Build.0 = Debug|Any CPU
		{D9AF3F26-15C6-47B8-9A02-F394B68AE6D5}.Release|Any CPU.ActiveCfg = Release|Any CPU
		{D9AF3F26-15C6-47B8-9A02-F394B68AE6D5}.Release|Any CPU.Build.0 = Release|Any CPU
	EndGlobalSection
	GlobalSection(SolutionProperties) = preSolution
		HideSolutionNode = FALSE
	EndGlobalSection
	GlobalSection(TeamFoundationVersionControl) = preSolution
		SccNumberOfProjects = 4
		SccEnterpriseProvider = {4CA58AB2-18FA-4F8D-95D4-32DDF27D184C}
		SccTeamFoundationServer = http://192.192.192.108:8080/tfs/defaultcollection
		SccLocalPath0 = .
		SccProjectUniqueName1 = PaymentService\\PaymentService.csproj
		SccProjectName1 = PaymentService
		SccLocalPath1 = PaymentService
		SccProjectUniqueName2 = PaymentModel\\PaymentModel.csproj
		SccProjectName2 = PaymentModel
		SccLocalPath2 = PaymentModel
		SccProjectUniqueName3 = PaymentDao\\PaymentDao.csproj
		SccProjectName3 = PaymentDao
		SccLocalPath3 = PaymentDao
	EndGlobalSection
EndGlobal
